
Microsoft Visual Studio Solution File, Format Version 12.00
# Visual Studio Version 17
VisualStudioVersion = 17.10.35013.160
MinimumVisualStudioVersion = 10.0.40219.1
Project("{FAE04EC0-301F-11D3-BF4B-00C04F79EFBC}") = "MovieAppLibrary", "MovieAppLibrary.csproj", "{2C288DE3-A04F-4796-A02F-9A0A03376BEA}"
EndProject
Global
	GlobalSection(SolutionConfigurationPlatforms) = preSolution
		Debug|Any CPU = Debug|Any CPU
		Release|Any CPU = Release|Any CPU
	EndGlobalSection
	GlobalSection(ProjectConfigurationPlatforms) = postSolution
		{2C288DE3-A04F-4796-A02F-9A0A03376BEA}.Debug|Any CPU.ActiveCfg = Debug|Any CPU
		{2C288DE3-A04F-4796-A02F-9A0A03376BEA}.Debug|Any CPU.Build.0 = Debug|Any CPU
		{2C288DE3-A04F-4796-A02F-9A0A03376BEA}.Release|Any CPU.ActiveCfg = Release|Any CPU
		{2C288DE3-A04F-4796-A02F-9A0A03376BEA}.Release|Any CPU.Build.0 = Release|Any CPU
	EndGlobalSection
	GlobalSection(SolutionProperties) = preSolution
		HideSolutionNode = FALSE
	EndGlobalSection
	GlobalSection(ExtensibilityGlobals) = postSolution
		SolutionGuid = {E5B41293-C3C3-449A-A3FE-26C085C1D225}
	EndGlobalSection
EndGlobal
